{
  "version": 1,
  "dependencies": {
    "net10.0": {
      "Microsoft.Testing.Extensions.CodeCoverage": {
        "type": "Direct",
        "requested": "[18.5.2, )",
        "resolved": "18.5.2",
        "contentHash": "UNcGLx9pVtlXF8MPDR8KDp+/OKKNIJjpzwRyZSt609TSGvaD8mtuQMb5GKZvhMucPp0a5Juvn3kxXDceQZWmAg==",
        "dependencies": {
          "Microsoft.DiaSymReader": "2.2.3",
          "Microsoft.Extensions.DependencyModel": "8.0.2",
          "Microsoft.Testing.Platform": "2.1.0"
        }
      },
      "Microsoft.Testing.Extensions.TrxReport": {
        "type": "Direct",
        "requested": "[2.2.2, )",
        "resolved": "2.2.2",
        "contentHash": "iEp69l8C0OlEnqUgZVoh621PrFIbaIbhjShUkW9pgPwH1GGLawLbi7cW1wyzLxZLI3jVSuKqV/JbSFz8Ael7Kg==",
        "dependencies": {
          "Microsoft.Testing.Extensions.TrxReport.Abstractions": "2.2.2",
          "Microsoft.Testing.Platform": "2.2.2"
        }
      },
      "Moq": {
        "type": "Direct",
        "requested": "[4.20.72, )",
        "resolved": "4.20.72",
        "contentHash": "EA55cjyNn8eTNWrgrdZJH5QLFp2L43oxl1tlkoYUKIE9pRwL784OWiTXeCV5ApS+AMYEAlt7Fo03A2XfouvHmQ==",
        "dependencies": {
          "Castle.Core": "5.1.1"
        }
      },
      "MSTest.TestAdapter": {
        "type": "Direct",
        "requested": "[4.2.2, )",
        "resolved": "4.2.2",
        "contentHash": "gMKNPoBnnlYM1DY+zAxJP05LDgXNHkjqxj6QQsm/O71nZh5BJ2SzsaTaQBQhXlu/HjzQ2CCbnMgufU13kYIpVA==",
        "dependencies": {
          "MSTest.TestFramework": "4.2.2",
          "Microsoft.Testing.Extensions.VSTestBridge": "2.2.2",
          "Microsoft.Testing.Platform.MSBuild": "2.2.2"
        }
      },
      "MSTest.TestFramework": {
        "type": "Direct",
        "requested": "[4.2.2, )",
        "resolved": "4.2.2",
        "contentHash": "IGjOt2kE6NxIgWYcM40DYSzCFaajLe6wHEICPRBnCqj1K4f9HrBLMPo4PE4mM/uKHNgDBvhvj/t1bXenUcQKqQ==",
        "dependencies": {
          "MSTest.Analyzers": "4.2.2"
        }
      },
      "Castle.Core": {
        "type": "Transitive",
        "resolved": "5.1.1",
        "contentHash": "rpYtIczkzGpf+EkZgDr9CClTdemhsrwA/W5hMoPjLkRFnXzH44zDLoovXeKtmxb1ykXK9aJVODSpiJml8CTw2g==",
        "dependencies": {
          "System.Diagnostics.EventLog": "6.0.0"
        }
      },
      "Microsoft.ApplicationInsights": {
        "type": "Transitive",
        "resolved": "2.23.0",
        "contentHash": "nWArUZTdU7iqZLycLKWe0TDms48KKGE6pONH2terYNa8REXiqixrMOkf1sk5DHGMaUTqONU2YkS4SAXBhLStgw=="
      },
      "Microsoft.DiaSymReader": {
        "type": "Transitive",
        "resolved": "2.2.3",
        "contentHash": "bhwzJfzyiJM0nXJyNB7Y9OfsEXyxLdDBHG99soIp5JjnPydwkOaBdRCtRtWgQh3noSLi2cSIZ/wpbHNNE9knxQ=="
      },
      "Microsoft.Extensions.DependencyInjection.Abstractions": {
        "type": "Transitive",
        "resolved": "10.0.8",
        "contentHash": "21nbDV60SRPWGIivsyl6lqBeEJNG1sginhhfWgRrr3Ais7aQ12To25OAHQxgoiJkjqy1aQ6RxpZBGYuTi7Ge6A=="
      },
      "Microsoft.Extensions.DependencyModel": {
        "type": "Transitive",
        "resolved": "8.0.2",
        "contentHash": "mUBDZZRgZrSyFOsJ2qJJ9fXfqd/kXJwf3AiDoqLD9m6TjY5OO/vLNOb9fb4juC0487eq4hcGN/M2Rh/CKS7QYw=="
      },
      "Microsoft.Extensions.Logging.Abstractions": {
        "type": "Transitive",
        "resolved": "10.0.8",
        "contentHash": "fdVadZmsC8jRP0KvKy8mO8f6GV/HyBvElfcSxEhd+5FM5boAw/01iSaCto5G3G37ApJira4A3pNaVvBv8cUiLQ==",
        "dependencies": {
          "Microsoft.Extensions.DependencyInjection.Abstractions": "10.0.8"
        }
      },
      "Microsoft.Testing.Extensions.Telemetry": {
        "type": "Transitive",
        "resolved": "2.2.2",
        "contentHash": "qKRghdaDiC88N1s3LDJO7zW74QNZu/ErnTxuG7R9u9UORn6pTwdqbi7X+eY4UQb+7YV2gR2yz8eRelvOWQVxhA==",
        "dependencies": {
          "Microsoft.ApplicationInsights": "2.23.0",
          "Microsoft.Testing.Platform": "2.2.2"
        }
      },
      "Microsoft.Testing.Extensions.TrxReport.Abstractions": {
        "type": "Transitive",
        "resolved": "2.2.2",
        "contentHash": "MuOC3Be70FPysaPxaO0f3GFoXU49UwnKCVDWfFrOZ93h955KZ6MKiJ6vwt/2r4e1wkLDoJFbkQzi/MNbpe4oXQ==",
        "dependencies": {
          "Microsoft.Testing.Platform": "2.2.2"
        }
      },
      "Microsoft.Testing.Extensions.VSTestBridge": {
        "type": "Transitive",
        "resolved": "2.2.2",
        "contentHash": "dyo49lXzY3seyfEgv7qrkIqdvrMAjdJjmY0VDPE//UPK89c+65cqQm8m+FO5XbRpr8gB6AUi5KCRbEl1eRlwQA==",
        "dependencies": {
          "Microsoft.TestPlatform.ObjectModel": "18.3.0",
          "Microsoft.Testing.Extensions.Telemetry": "2.2.2",
          "Microsoft.Testing.Extensions.TrxReport.Abstractions": "2.2.2",
          "Microsoft.Testing.Platform": "2.2.2"
        }
      },
      "Microsoft.Testing.Platform": {
        "type": "Transitive",
        "resolved": "2.2.2",
        "contentHash": "9mUsTOri0aVqBX7/EJwqVJxVwdOzGUVJqK1H2EMfIl9xxJuSdqhfAlJbukl/iNugvi4+cmQs/LI8PLTDUT9P1A=="
      },
      "Microsoft.Testing.Platform.MSBuild": {
        "type": "Transitive",
        "resolved": "2.2.2",
        "contentHash": "acgkTLYA8C39oe5b5ISmydBshR0XO6v8z3/CXAsLmPQ3xAiomHuPoTAgY28tjQLcwPZOu4GX034BXWvmsVpzIg==",
        "dependencies": {
          "Microsoft.Testing.Platform": "2.2.2"
        }
      },
      "Microsoft.TestPlatform.ObjectModel": {
        "type": "Transitive",
        "resolved": "18.3.0",
        "contentHash": "AEIEX2aWdPO9XbtR96eBaJxmXRD9vaI9uQ1T/JbPEKlTAZwYx0ZrMzKyULMdh/HH9Sg03kXCoN7LszQ90o6nPQ=="
      },
      "MSTest.Analyzers": {
        "type": "Transitive",
        "resolved": "4.2.2",
        "contentHash": "0VUx09Q6MdPlTCG+xTqEoXIrjr32F1Ya5EI/hfQdRSczZh61AWWtCdGXRCe3DDfUUbPVvFBZTJcrlTT1Cv25Dg=="
      },
      "SQLitePCLRaw.core": {
        "type": "Transitive",
        "resolved": "3.0.3",
        "contentHash": "bjm6FY4lZyP+t7GmiuvSM0QXpFihAvyE0Y9O2yibm3g95AAWJPNnHOKVNJGyPTGIKuK7Pr4Wh8Rd8/aOtAclQw=="
      },
      "System.Diagnostics.EventLog": {
        "type": "Transitive",
        "resolved": "6.0.0",
        "contentHash": "lcyUiXTsETK2ALsZrX+nWuHSIQeazhqPphLfaRxzdGaG93+0kELqpgEHtwWOlQe7+jSFnKwaCAgL4kjeZCQJnw=="
      },
      "telani.sqlite": {
        "type": "Project",
        "dependencies": {
          "Microsoft.Extensions.Logging.Abstractions": "[10.0.8, )",
          "SQLitePCLRaw.core": "[3.0.3, )"
        }
      }
    }
  }
}